// !$*UTF8*$!
{
	archiveVersion = 1;
	classes = {
	};
	objectVersion = 46;
	objects = {

/* Begin PBXBuildFile section */
		F4D077DC1EE53DB6001B0881 /* AppDelegate.swift in Sources */ = {isa = PBXBuildFile; fileRef = F4D077DB1EE53DB6001B0881 /* AppDelegate.swift */; };
		F4D077DE1EE53DB6001B0881 /* ViewController.swift in Sources */ = {isa = PBXBuildFile; fileRef = F4D077DD1EE53DB6001B0881 /* ViewController.swift */; };
		F4D077E11EE53DB6001B0881 /* Main.storyboard in Resources */ = {isa = PBXBuildFile; fileRef = F4D077DF1EE53DB6001B0881 /* Main.storyboard */; };
		F4D077E31EE53DB6001B0881 /* Assets.xcassets in Resources */ = {isa = PBXBuildFile; fileRef = F4D077E21EE53DB6001B0881 /* Assets.xcassets */; };
		F4D077E61EE53DB6001B0881 /* LaunchScreen.storyboard in Resources */ = {isa = PBXBuildFile; fileRef = F4D077E41EE53DB6001B0881 /* LaunchScreen.storyboard */; };
		F4D077F51EE54052001B0881 /* IntentHandler.swift in Sources */ = {isa = PBXBuildFile; fileRef = F4D077F41EE54052001B0881 /* IntentHandler.swift */; };
		F4D077F91EE54052001B0881 /* Intents Handler.appex in Embed App Extensions */ = {isa = PBXBuildFile; fileRef = F4D077F21EE54052001B0881 /* Intents Handler.appex */; settings = {ATTRIBUTES = (RemoveHeadersOnCopy, ); }; };
/* End PBXBuildFile section */

/* Begin PBXContainerItemProxy section */
		F4D077F71EE54052001B0881 /* PBXContainerItemProxy */ = {
			isa = PBXContainerItemProxy;
			containerPortal = F4D077D01EE53DB5001B0881 /* Project object */;
			proxyType = 1;
			remoteGlobalIDString = F4D077F11EE54052001B0881;
			remoteInfo = "Intents Handler";
		};
/* End PBXContainerItemProxy section */

/* Begin PBXCopyFilesBuildPhase section */
		F4D077FD1EE54052001B0881 /* Embed App Extensions */ = {
			isa = PBXCopyFilesBuildPhase;
			buildActionMask = 2147483647;
			dstPath = "";
			dstSubfolderSpec = 13;
			files = (
				F4D077F91EE54052001B0881 /* Intents Handler.appex in Embed App Extensions */,
			);
			name = "Embed App Extensions";
			runOnlyForDeploymentPostprocessing = 0;
		};
/* End PBXCopyFilesBuildPhase section */

/* Begin PBXFileReference section */
		F4D077D81EE53DB6001B0881 /* Pizza Reverse.app */ = {isa = PBXFileReference; explicitFileType = wrapper.application; includeInIndex = 0; path = "Pizza Reverse.app"; sourceTree = BUILT_PRODUCTS_DIR; };
		F4D077DB1EE53DB6001B0881 /* AppDelegate.swift */ = {isa = PBXFileReference; lastKnownFileType = sourcecode.swift; path = AppDelegate.swift; sourceTree = "<group>"; };
		F4D077DD1EE53DB6001B0881 /* ViewController.swift */ = {isa = PBXFileReference; lastKnownFileType = sourcecode.swift; path = ViewController.swift; sourceTree = "<group>"; };
		F4D077E01EE53DB6001B0881 /* Base */ = {isa = PBXFileReference; lastKnownFileType = file.storyboard; name = Base; path = Base.lproj/Main.storyboard; sourceTree = "<group>"; };
		F4D077E21EE53DB6001B0881 /* Assets.xcassets */ = {isa = PBXFileReference; lastKnownFileType = folder.assetcatalog; path = Assets.xcassets; sourceTree = "<group>"; };
		F4D077E51EE53DB6001B0881 /* Base */ = {isa = PBXFileReference; lastKnownFileType = file.storyboard; name = Base; path = Base.lproj/LaunchScreen.storyboard; sourceTree = "<group>"; };
		F4D077E71EE53DB6001B0881 /* Info.plist */ = {isa = PBXFileReference; lastKnownFileType = text.plist.xml; path = Info.plist; sourceTree = "<group>"; };
		F4D077ED1EE53DD1001B0881 /* Pizza Reverse.entitlements */ = {isa = PBXFileReference; lastKnownFileType = text.plist.entitlements; path = "Pizza Reverse.entitlements"; sourceTree = "<group>"; };
		F4D077F21EE54052001B0881 /* Intents Handler.appex */ = {isa = PBXFileReference; explicitFileType = "wrapper.app-extension"; includeInIndex = 0; path = "Intents Handler.appex"; sourceTree = BUILT_PRODUCTS_DIR; };
		F4D077F41EE54052001B0881 /* IntentHandler.swift */ = {isa = PBXFileReference; lastKnownFileType = sourcecode.swift; path = IntentHandler.swift; sourceTree = "<group>"; };
		F4D077F61EE54052001B0881 /* Info.plist */ = {isa = PBXFileReference; lastKnownFileType = text.plist.xml; path = Info.plist; sourceTree = "<group>"; };
/* End PBXFileReference section */

/* Begin PBXFrameworksBuildPhase section */
		F4D077D51EE53DB6001B0881 /* Frameworks */ = {
			isa = PBXFrameworksBuildPhase;
			buildActionMask = 2147483647;
			files = (
			);
			runOnlyForDeploymentPostprocessing = 0;
		};
		F4D077EF1EE54052001B0881 /* Frameworks */ = {
			isa = PBXFrameworksBuildPhase;
			buildActionMask = 2147483647;
			files = (
			);
			runOnlyForDeploymentPostprocessing = 0;
		};
/* End PBXFrameworksBuildPhase section */

/* Begin PBXGroup section */
		F4D077CF1EE53DB5001B0881 = {
			isa = PBXGroup;
			children = (
				F4D077DA1EE53DB6001B0881 /* Pizza Reverse */,
				F4D077F31EE54052001B0881 /* Intents Handler */,
				F4D077D91EE53DB6001B0881 /* Products */,
			);
			sourceTree = "<group>";
		};
		F4D077D91EE53DB6001B0881 /* Products */ = {
			isa = PBXGroup;
			children = (
				F4D077D81EE53DB6001B0881 /* Pizza Reverse.app */,
				F4D077F21EE54052001B0881 /* Intents Handler.appex */,
			);
			name = Products;
			sourceTree = "<group>";
		};
		F4D077DA1EE53DB6001B0881 /* Pizza Reverse */ = {
			isa = PBXGroup;
			children = (
				F4D077ED1EE53DD1001B0881 /* Pizza Reverse.entitlements */,
				F4D077DB1EE53DB6001B0881 /* AppDelegate.swift */,
				F4D077DD1EE53DB6001B0881 /* ViewController.swift */,
				F4D077DF1EE53DB6001B0881 /* Main.storyboard */,
				F4D077E21EE53DB6001B0881 /* Assets.xcassets */,
				F4D077E41EE53DB6001B0881 /* LaunchScreen.storyboard */,
				F4D077E71EE53DB6001B0881 /* Info.plist */,
			);
			path = "Pizza Reverse";
			sourceTree = "<group>";
		};
		F4D077F31EE54052001B0881 /* Intents Handler */ = {
			isa = PBXGroup;
			children = (
				F4D077F41EE54052001B0881 /* IntentHandler.swift */,
				F4D077F61EE54052001B0881 /* Info.plist */,
			);
			path = "Intents Handler";
			sourceTree = "<group>";
		};
/* End PBXGroup section */

/* Begin PBXNativeTarget section */
		F4D077D71EE53DB6001B0881 /* Pizza Reverse */ = {
			isa = PBXNativeTarget;
			buildConfigurationList = F4D077EA1EE53DB6001B0881 /* Build configuration list for PBXNativeTarget "Pizza Reverse" */;
			buildPhases = (
				F4D077D41EE53DB6001B0881 /* Sources */,
				F4D077D51EE53DB6001B0881 /* Frameworks */,
				F4D077D61EE53DB6001B0881 /* Resources */,
				F4D077FD1EE54052001B0881 /* Embed App Extensions */,
			);
			buildRules = (
			);
			dependencies = (
				F4D077F81EE54052001B0881 /* PBXTargetDependency */,
			);
			name = "Pizza Reverse";
			productName = "Pizza Reverse";
			productReference = F4D077D81EE53DB6001B0881 /* Pizza Reverse.app */;
			productType = "com.apple.product-type.application";
		};
		F4D077F11EE54052001B0881 /* Intents Handler */ = {
			isa = PBXNativeTarget;
			buildConfigurationList = F4D077FA1EE54052001B0881 /* Build configuration list for PBXNativeTarget "Intents Handler" */;
			buildPhases = (
				F4D077EE1EE54052001B0881 /* Sources */,
				F4D077EF1EE54052001B0881 /* Frameworks */,
				F4D077F01EE54052001B0881 /* Resources */,
			);
			buildRules = (
			);
			dependencies = (
			);
			name = "Intents Handler";
			productName = "Intents Handler";
			productReference = F4D077F21EE54052001B0881 /* Intents Handler.appex */;
			productType = "com.apple.product-type.app-extension";
		};
/* End PBXNativeTarget section */

/* Begin PBXProject section */
		F4D077D01EE53DB5001B0881 /* Project object */ = {
			isa = PBXProject;
			attributes = {
				LastSwiftUpdateCheck = 0830;
				LastUpgradeCheck = 0830;
				ORGANIZATIONNAME = AppCoda;
				TargetAttributes = {
					F4D077D71EE53DB6001B0881 = {
						CreatedOnToolsVersion = 8.3.2;
						DevelopmentTeam = YZP52RND5S;
						ProvisioningStyle = Automatic;
						SystemCapabilities = {
							com.apple.Siri = {
								enabled = 1;
							};
						};
					};
					F4D077F11EE54052001B0881 = {
						CreatedOnToolsVersion = 8.3.2;
						DevelopmentTeam = YZP52RND5S;
						ProvisioningStyle = Automatic;
					};
				};
			};
			buildConfigurationList = F4D077D31EE53DB5001B0881 /* Build configuration list for PBXProject "Pizza Reverse" */;
			compatibilityVersion = "Xcode 3.2";
			developmentRegion = English;
			hasScannedForEncodings = 0;
			knownRegions = (
				en,
				Base,
			);
			mainGroup = F4D077CF1EE53DB5001B0881;
			productRefGroup = F4D077D91EE53DB6001B0881 /* Products */;
			projectDirPath = "";
			projectRoot = "";
			targets = (
				F4D077D71EE53DB6001B0881 /* Pizza Reverse */,
				F4D077F11EE54052001B0881 /* Intents Handler */,
			);
		};
/* End PBXProject section */

/* Begin PBXResourcesBuildPhase section */
		F4D077D61EE53DB6001B0881 /* Resources */ = {
			isa = PBXResourcesBuildPhase;
			buildActionMask = 2147483647;
			files = (
				F4D077E61EE53DB6001B0881 /* LaunchScreen.storyboard in Resources */,
				F4D077E31EE53DB6001B0881 /* Assets.xcassets in Resources */,
				F4D077E11EE53DB6001B0881 /* Main.storyboard in Resources */,
			);
			runOnlyForDeploymentPostprocessing = 0;
		};
		F4D077F01EE54052001B0881 /* Resources */ = {
			isa = PBXResourcesBuildPhase;
			buildActionMask = 2147483647;
			files = (
			);
			runOnlyForDeploymentPostprocessing = 0;
		};
/* End PBXResourcesBuildPhase section */

/* Begin PBXSourcesBuildPhase section */
		F4D077D41EE53DB6001B0881 /* Sources */ = {
			isa = PBXSourcesBuildPhase;
			buildActionMask = 2147483647;
			files = (
				F4D077DE1EE53DB6001B0881 /* ViewController.swift in Sources */,
				F4D077DC1EE53DB6001B0881 /* AppDelegate.swift in Sources */,
			);
			runOnlyForDeploymentPostprocessing = 0;
		};
		F4D077EE1EE54052001B0881 /* Sources */ = {
			isa = PBXSourcesBuildPhase;
			buildActionMask = 2147483647;
			files = (
				F4D077F51EE54052001B0881 /* IntentHandler.swift in Sources */,
			);
			runOnlyForDeploymentPostprocessing = 0;
		};
/* End PBXSourcesBuildPhase section */

/* Begin PBXTargetDependency section */
		F4D077F81EE54052001B0881 /* PBXTargetDependency */ = {
			isa = PBXTargetDependency;
			target = F4D077F11EE54052001B0881 /* Intents Handler */;
			targetProxy = F4D077F71EE54052001B0881 /* PBXContainerItemProxy */;
		};
/* End PBXTargetDependency section */

/* Begin PBXVariantGroup section */
		F4D077DF1EE53DB6001B0881 /* Main.storyboard */ = {
			isa = PBXVariantGroup;
			children = (
				F4D077E01EE53DB6001B0881 /* Base */,
			);
			name = Main.storyboard;
			sourceTree = "<group>";
		};
		F4D077E41EE53DB6001B0881 /* LaunchScreen.storyboard */ = {
			isa = PBXVariantGroup;
			children = (
				F4D077E51EE53DB6001B0881 /* Base */,
			);
			name = LaunchScreen.storyboard;
			sourceTree = "<group>";
		};
/* End PBXVariantGroup section */

/* Begin XCBuildConfiguration section */
		F4D077E81EE53DB6001B0881 /* Debug */ = {
			isa = XCBuildConfiguration;
			buildSettings = {
				ALWAYS_SEARCH_USER_PATHS = NO;
				CLANG_ANALYZER_NONNULL = YES;
				CLANG_ANALYZER_NUMBER_OBJECT_CONVERSION = YES_AGGRESSIVE;
				CLANG_CXX_LANGUAGE_STANDARD = "gnu++0x";
				CLANG_CXX_LIBRARY = "libc++";
				CLANG_ENABLE_MODULES = YES;
				CLANG_ENABLE_OBJC_ARC = YES;
				CLANG_WARN_BOOL_CONVERSION = YES;
				CLANG_WARN_CONSTANT_CONVERSION = YES;
				CLANG_WARN_DIRECT_OBJC_ISA_USAGE = YES_ERROR;
				CLANG_WARN_DOCUMENTATION_COMMENTS = YES;
				CLANG_WARN_EMPTY_BODY = YES;
				CLANG_WARN_ENUM_CONVERSION = YES;
				CLANG_WARN_INFINITE_RECURSION = YES;
				CLANG_WARN_INT_CONVERSION = YES;
				CLANG_WARN_OBJC_ROOT_CLASS = YES_ERROR;
				CLANG_WARN_SUSPICIOUS_MOVE = YES;
				CLANG_WARN_UNREACHABLE_CODE = YES;
				CLANG_WARN__DUPLICATE_METHOD_MATCH = YES;
				"CODE_SIGN_IDENTITY[sdk=iphoneos*]" = "iPhone Developer";
				COPY_PHASE_STRIP = NO;
				DEBUG_INFORMATION_FORMAT = dwarf;
				ENABLE_STRICT_OBJC_MSGSEND = YES;
				ENABLE_TESTABILITY = YES;
				GCC_C_LANGUAGE_STANDARD = gnu99;
				GCC_DYNAMIC_NO_PIC = NO;
				GCC_NO_COMMON_BLOCKS = YES;
				GCC_OPTIMIZATION_LEVEL = 0;
				GCC_PREPROCESSOR_DEFINITIONS = (
					"DEBUG=1",
					"$(inherited)",
				);
				GCC_WARN_64_TO_32_BIT_CONVERSION = YES;
				GCC_WARN_ABOUT_RETURN_TYPE = YES_ERROR;
				GCC_WARN_UNDECLARED_SELECTOR = YES;
				GCC_WARN_UNINITIALIZED_AUTOS = YES_AGGRESSIVE;
				GCC_WARN_UNUSED_FUNCTION = YES;
				GCC_WARN_UNUSED_VARIABLE = YES;
				IPHONEOS_DEPLOYMENT_TARGET = 10.3;
				MTL_ENABLE_DEBUG_INFO = YES;
				ONLY_ACTIVE_ARCH = YES;
				SDKROOT = iphoneos;
				SWIFT_ACTIVE_COMPILATION_CONDITIONS = DEBUG;
				SWIFT_OPTIMIZATION_LEVEL = "-Onone";
			};
			name = Debug;
		};
		F4D077E91EE53DB6001B0881 /* Release */ = {
			isa = XCBuildConfiguration;
			buildSettings = {
				ALWAYS_SEARCH_USER_PATHS = NO;
				CLANG_ANALYZER_NONNULL = YES;
				CLANG_ANALYZER_NUMBER_OBJECT_CONVERSION = YES_AGGRESSIVE;
				CLANG_CXX_LANGUAGE_STANDARD = "gnu++0x";
				CLANG_CXX_LIBRARY = "libc++";
				CLANG_ENABLE_MODULES = YES;
				CLANG_ENABLE_OBJC_ARC = YES;
				CLANG_WARN_BOOL_CONVERSION = YES;
				CLANG_WARN_CONSTANT_CONVERSION = YES;
				CLANG_WARN_DIRECT_OBJC_ISA_USAGE = YES_ERROR;
				CLANG_WARN_DOCUMENTATION_COMMENTS = YES;
				CLANG_WARN_EMPTY_BODY = YES;
				CLANG_WARN_ENUM_CONVERSION = YES;
				CLANG_WARN_INFINITE_RECURSION = YES;
				CLANG_WARN_INT_CONVERSION = YES;
				CLANG_WARN_OBJC_ROOT_CLASS = YES_ERROR;
				CLANG_WARN_SUSPICIOUS_MOVE = YES;
				CLANG_WARN_UNREACHABLE_CODE = YES;
				CLANG_WARN__DUPLICATE_METHOD_MATCH = YES;
				"CODE_SIGN_IDENTITY[sdk=iphoneos*]" = "iPhone Developer";
				COPY_PHASE_STRIP = NO;
				DEBUG_INFORMATION_FORMAT = "dwarf-with-dsym";
				ENABLE_NS_ASSERTIONS = NO;
				ENABLE_STRICT_OBJC_MSGSEND = YES;
				GCC_C_LANGUAGE_STANDARD = gnu99;
				GCC_NO_COMMON_BLOCKS = YES;
				GCC_WARN_64_TO_32_BIT_CONVERSION = YES;
				GCC_WARN_ABOUT_RETURN_TYPE = YES_ERROR;
				GCC_WARN_UNDECLARED_SELECTOR = YES;
				GCC_WARN_UNINITIALIZED_AUTOS = YES_AGGRESSIVE;
				GCC_WARN_UNUSED_FUNCTION = YES;
				GCC_WARN_UNUSED_VARIABLE = YES;
				IPHONEOS_DEPLOYMENT_TARGET = 10.3;
				MTL_ENABLE_DEBUG_INFO = NO;
				SDKROOT = iphoneos;
				SWIFT_OPTIMIZATION_LEVEL = "-Owholemodule";
				VALIDATE_PRODUCT = YES;
			};
			name = Release;
		};
		F4D077EB1EE53DB6001B0881 /* Debug */ = {
			isa = XCBuildConfiguration;
			buildSettings = {
				ALWAYS_EMBED_SWIFT_STANDARD_LIBRARIES = YES;
				ASSETCATALOG_COMPILER_APPICON_NAME = AppIcon;
				CODE_SIGN_ENTITLEMENTS = "Pizza Reverse/Pizza Reverse.entitlements";
				DEVELOPMENT_TEAM = YZP52RND5S;
				INFOPLIST_FILE = "Pizza Reverse/Info.plist";
				LD_RUNPATH_SEARCH_PATHS = "$(inherited) @executable_path/Frameworks";
				PRODUCT_BUNDLE_IDENTIFIER = "com.appcoda.Pizza-Reverse";
				PRODUCT_NAME = "$(TARGET_NAME)";
				SWIFT_VERSION = 3.0;
			};
			name = Debug;
		};
		F4D077EC1EE53DB6001B0881 /* Release */ = {
			isa = XCBuildConfiguration;
			buildSettings = {
				ALWAYS_EMBED_SWIFT_STANDARD_LIBRARIES = YES;
				ASSETCATALOG_COMPILER_APPICON_NAME = AppIcon;
				CODE_SIGN_ENTITLEMENTS = "Pizza Reverse/Pizza Reverse.entitlements";
				DEVELOPMENT_TEAM = YZP52RND5S;
				INFOPLIST_FILE = "Pizza Reverse/Info.plist";
				LD_RUNPATH_SEARCH_PATHS = "$(inherited) @executable_path/Frameworks";
				PRODUCT_BUNDLE_IDENTIFIER = "com.appcoda.Pizza-Reverse";
				PRODUCT_NAME = "$(TARGET_NAME)";
				SWIFT_VERSION = 3.0;
			};
			name = Release;
		};
		F4D077FB1EE54052001B0881 /* Debug */ = {
			isa = XCBuildConfiguration;
			buildSettings = {
				DEVELOPMENT_TEAM = YZP52RND5S;
				INFOPLIST_FILE = "Intents Handler/Info.plist";
				LD_RUNPATH_SEARCH_PATHS = "$(inherited) @executable_path/Frameworks @executable_path/../../Frameworks";
				PRODUCT_BUNDLE_IDENTIFIER = "com.appcoda.Pizza-Reverse.Intents-Handler";
				PRODUCT_NAME = "$(TARGET_NAME)";
				SKIP_INSTALL = YES;
				SWIFT_VERSION = 3.0;
			};
			name = Debug;
		};
		F4D077FC1EE54052001B0881 /* Release */ = {
			isa = XCBuildConfiguration;
			buildSettings = {
				DEVELOPMENT_TEAM = YZP52RND5S;
				INFOPLIST_FILE = "Intents Handler/Info.plist";
				LD_RUNPATH_SEARCH_PATHS = "$(inherited) @executable_path/Frameworks @executable_path/../../Frameworks";
				PRODUCT_BUNDLE_IDENTIFIER = "com.appcoda.Pizza-Reverse.Intents-Handler";
				PRODUCT_NAME = "$(TARGET_NAME)";
				SKIP_INSTALL = YES;
				SWIFT_VERSION = 3.0;
			};
			name = Release;
		};
/* End XCBuildConfiguration section */

/* Begin XCConfigurationList section */
		F4D077D31EE53DB5001B0881 /* Build configuration list for PBXProject "Pizza Reverse" */ = {
			isa = XCConfigurationList;
			buildConfigurations = (
				F4D077E81EE53DB6001B0881 /* Debug */,
				F4D077E91EE53DB6001B0881 /* Release */,
			);
			defaultConfigurationIsVisible = 0;
			defaultConfigurationName = Release;
		};
		F4D077EA1EE53DB6001B0881 /* Build configuration list for PBXNativeTarget "Pizza Reverse" */ = {
			isa = XCConfigurationList;
			buildConfigurations = (
				F4D077EB1EE53DB6001B0881 /* Debug */,
				F4D077EC1EE53DB6001B0881 /* Release */,
			);
			defaultConfigurationIsVisible = 0;
		};
		F4D077FA1EE54052001B0881 /* Build configuration list for PBXNativeTarget "Intents Handler" */ = {
			isa = XCConfigurationList;
			buildConfigurations = (
				F4D077FB1EE54052001B0881 /* Debug */,
				F4D077FC1EE54052001B0881 /* Release */,
			);
			defaultConfigurationIsVisible = 0;
		};
/* End XCConfigurationList section */
	};
	rootObject = F4D077D01EE53DB5001B0881 /* Project object */;
}
